
Microsoft Visual Studio Solution File, Format Version 12.00
# Visual Studio Version 17
VisualStudioVersion = 17.5.33530.505
MinimumVisualStudioVersion = 10.0.40219.1
Project("{9A19103F-16F7-4668-BE54-9A1E7A4F7556}") = "MyRevitPlugin", "MyRevitPlugin\MyRevitPlugin.csproj", "{49F00F3D-9F64-47DE-A55B-5BD571D31531}"
EndProject
Project("{FAE04EC0-301F-11D3-BF4B-00C04F79EFBC}") = "MyRevitViewModels", "MyRevitViewModels\MyRevitViewModels.csproj", "{BF745159-6BCF-4C35-9156-F03E98D82A7E}"
EndProject
Project("{FAE04EC0-301F-11D3-BF4B-00C04F79EFBC}") = "MyRevitViews", "MyRevitViews\MyRevitViews.csproj", "{0FE119A4-8B6B-4D46-8796-931F0D8BFA0E}"
EndProject
Project("{FAE04EC0-301F-11D3-BF4B-00C04F79EFBC}") = "MyRevitExtensions", "MyRevitExtensions\MyRevitExtensions.csproj", "{E2052F1F-E67D-4B90-9236-B9BB4C52093D}"
EndProject
Project("{9A19103F-16F7-4668-BE54-9A1E7A4F7556}") = "MyWixSharpSetup", "MyWixSharpSetup\MyWixSharpSetup.csproj", "{162814A2-3A7D-4CD3-B99E-C899B988C4E3}"
EndProject
Project("{9A19103F-16F7-4668-BE54-9A1E7A4F7556}") = "MyNukeBuild", "MyNukeBuild\MyNukeBuild.csproj", "{A5993CF8-EBA4-41A5-8D6F-52F4C1D3695E}"
EndProject
Project("{9A19103F-16F7-4668-BE54-9A1E7A4F7556}") = "TestProject", "TestProject\TestProject.csproj", "{B83E259B-204F-43E9-8D30-1CAED6B72B5D}"
EndProject
Project("{FAE04EC0-301F-11D3-BF4B-00C04F79EFBC}") = "MyWixSetup", "MyWixSetup\MyWixSetup.csproj", "{F10D70F0-4779-4850-ACEA-E718E7C6A7B6}"
EndProject
Global
	GlobalSection(SolutionConfigurationPlatforms) = preSolution
		Debug|Any CPU = Debug|Any CPU
		Release|Any CPU = Release|Any CPU
	EndGlobalSection
	GlobalSection(ProjectConfigurationPlatforms) = postSolution
		{49F00F3D-9F64-47DE-A55B-5BD571D31531}.Debug|Any CPU.ActiveCfg = Debug|Any CPU
		{49F00F3D-9F64-47DE-A55B-5BD571D31531}.Debug|Any CPU.Build.0 = Debug|Any CPU
		{49F00F3D-9F64-47DE-A55B-5BD571D31531}.Release|Any CPU.ActiveCfg = Release|Any CPU
		{49F00F3D-9F64-47DE-A55B-5BD571D31531}.Release|Any CPU.Build.0 = Release|Any CPU
		{BF745159-6BCF-4C35-9156-F03E98D82A7E}.Debug|Any CPU.ActiveCfg = Debug|Any CPU
		{BF745159-6BCF-4C35-9156-F03E98D82A7E}.Debug|Any CPU.Build.0 = Debug|Any CPU
		{BF745159-6BCF-4C35-9156-F03E98D82A7E}.Release|Any CPU.ActiveCfg = Release|Any CPU
		{BF745159-6BCF-4C35-9156-F03E98D82A7E}.Release|Any CPU.Build.0 = Release|Any CPU
		{0FE119A4-8B6B-4D46-8796-931F0D8BFA0E}.Debug|Any CPU.ActiveCfg = Debug|Any CPU
		{0FE119A4-8B6B-4D46-8796-931F0D8BFA0E}.Debug|Any CPU.Build.0 = Debug|Any CPU
		{0FE119A4-8B6B-4D46-8796-931F0D8BFA0E}.Release|Any CPU.ActiveCfg = Release|Any CPU
		{0FE119A4-8B6B-4D46-8796-931F0D8BFA0E}.Release|Any CPU.Build.0 = Release|Any CPU
		{E2052F1F-E67D-4B90-9236-B9BB4C52093D}.Debug|Any CPU.ActiveCfg = Debug|Any CPU
		{E2052F1F-E67D-4B90-9236-B9BB4C52093D}.Debug|Any CPU.Build.0 = Debug|Any CPU
		{E2052F1F-E67D-4B90-9236-B9BB4C52093D}.Release|Any CPU.ActiveCfg = Release|Any CPU
		{E2052F1F-E67D-4B90-9236-B9BB4C52093D}.Release|Any CPU.Build.0 = Release|Any CPU
		{162814A2-3A7D-4CD3-B99E-C899B988C4E3}.Debug|Any CPU.ActiveCfg = Debug|Any CPU
		{162814A2-3A7D-4CD3-B99E-C899B988C4E3}.Debug|Any CPU.Build.0 = Debug|Any CPU
		{162814A2-3A7D-4CD3-B99E-C899B988C4E3}.Release|Any CPU.ActiveCfg = Release|Any CPU
		{162814A2-3A7D-4CD3-B99E-C899B988C4E3}.Release|Any CPU.Build.0 = Release|Any CPU
		{A5993CF8-EBA4-41A5-8D6F-52F4C1D3695E}.Debug|Any CPU.ActiveCfg = Debug|Any CPU
		{A5993CF8-EBA4-41A5-8D6F-52F4C1D3695E}.Release|Any CPU.ActiveCfg = Release|Any CPU
		{B83E259B-204F-43E9-8D30-1CAED6B72B5D}.Debug|Any CPU.ActiveCfg = Debug|Any CPU
		{B83E259B-204F-43E9-8D30-1CAED6B72B5D}.Debug|Any CPU.Build.0 = Debug|Any CPU
		{B83E259B-204F-43E9-8D30-1CAED6B72B5D}.Release|Any CPU.ActiveCfg = Release|Any CPU
		{B83E259B-204F-43E9-8D30-1CAED6B72B5D}.Release|Any CPU.Build.0 = Release|Any CPU
		{F10D70F0-4779-4850-ACEA-E718E7C6A7B6}.Debug|Any CPU.ActiveCfg = Debug|Any CPU
		{F10D70F0-4779-4850-ACEA-E718E7C6A7B6}.Debug|Any CPU.Build.0 = Debug|Any CPU
		{F10D70F0-4779-4850-ACEA-E718E7C6A7B6}.Release|Any CPU.ActiveCfg = Release|Any CPU
		{F10D70F0-4779-4850-ACEA-E718E7C6A7B6}.Release|Any CPU.Build.0 = Release|Any CPU
	EndGlobalSection
	GlobalSection(SolutionProperties) = preSolution
		HideSolutionNode = FALSE
	EndGlobalSection
	GlobalSection(ExtensibilityGlobals) = postSolution
		SolutionGuid = {EF1FC00F-B7F2-44C3-A707-02ACB522FF19}
	EndGlobalSection
EndGlobal
